
Microsoft Visual Studio Solution File, Format Version 12.00
# Visual Studio 15
VisualStudioVersion = 15.0.27428.1
MinimumVisualStudioVersion = 10.0.40219.1
Project("{2150E333-8FDC-42A3-9474-1A3956D46DE8}") = "Tests", "Tests", "{B3266B10-5164-49BF-B4DF-D780BA37FC01}"
EndProject
Project("{9A19103F-16F7-4668-BE54-9A1E7A4F7556}") = "YeeTech.Infrastructure", "src\YeeTech.Infrastructure\YeeTech.Infrastructure.csproj", "{5B41C6A1-D2BC-4225-BB00-1765F89F2A55}"
EndProject
Project("{FAE04EC0-301F-11D3-BF4B-00C04F79EFBC}") = "YeeTech.Infrastructure.Tests", "test\YeeTech.Infrastructure.Tests\YeeTech.Infrastructure.Tests.csproj", "{2905591E-3A08-468D-A714-46481FE662DD}"
EndProject
Global
	GlobalSection(SolutionConfigurationPlatforms) = preSolution
		Debug|Any CPU = Debug|Any CPU
		Release|Any CPU = Release|Any CPU
	EndGlobalSection
	GlobalSection(ProjectConfigurationPlatforms) = postSolution
		{5B41C6A1-D2BC-4225-BB00-1765F89F2A55}.Debug|Any CPU.ActiveCfg = Debug|Any CPU
		{5B41C6A1-D2BC-4225-BB00-1765F89F2A55}.Debug|Any CPU.Build.0 = Debug|Any CPU
		{5B41C6A1-D2BC-4225-BB00-1765F89F2A55}.Release|Any CPU.ActiveCfg = Release|Any CPU
		{5B41C6A1-D2BC-4225-BB00-1765F89F2A55}.Release|Any CPU.Build.0 = Release|Any CPU
		{2905591E-3A08-468D-A714-46481FE662DD}.Debug|Any CPU.ActiveCfg = Debug|Any CPU
		{2905591E-3A08-468D-A714-46481FE662DD}.Debug|Any CPU.Build.0 = Debug|Any CPU
		{2905591E-3A08-468D-A714-46481FE662DD}.Release|Any CPU.ActiveCfg = Release|Any CPU
		{2905591E-3A08-468D-A714-46481FE662DD}.Release|Any CPU.Build.0 = Release|Any CPU
	EndGlobalSection
	GlobalSection(SolutionProperties) = preSolution
		HideSolutionNode = FALSE
	EndGlobalSection
	GlobalSection(NestedProjects) = preSolution
		{2905591E-3A08-468D-A714-46481FE662DD} = {B3266B10-5164-49BF-B4DF-D780BA37FC01}
	EndGlobalSection
	GlobalSection(ExtensibilityGlobals) = postSolution
		SolutionGuid = {267D53CB-3BA5-4958-90C0-06966D724C4A}
	EndGlobalSection
EndGlobal
